
Microsoft Visual Studio Solution File, Format Version 12.00
# Visual Studio 2013
VisualStudioVersion = 12.0.30501.0
MinimumVisualStudioVersion = 10.0.40219.1
Project("{FAE04EC0-301F-11D3-BF4B-00C04F79EFBC}") = "WorldOfASCIITanks", "WorldOfASCIITanks\WorldOfASCIITanks.csproj", "{73B90876-79AC-4BBA-8D80-95377DE37864}"
EndProject
Project("{FAE04EC0-301F-11D3-BF4B-00C04F79EFBC}") = "SuperAdventure", "..\BattleControllerSample\Team-Eranikus-Game-Project\SuperAdventure\SuperAdventure.csproj", "{DC82DB28-53D5-4B6B-A985-C603DD05167A}"
EndProject
Project("{FAE04EC0-301F-11D3-BF4B-00C04F79EFBC}") = "Engine", "..\BattleControllerSample\Team-Eranikus-Game-Project\Engine\Engine.csproj", "{9B3E2959-96E0-4109-9C5C-437023ECE77C}"
EndProject
Project("{FAE04EC0-301F-11D3-BF4B-00C04F79EFBC}") = "WorldOfAsciiTanksWForms", "WorldOfAsciiTanksWForms\WorldOfAsciiTanksWForms.csproj", "{FD26BDEA-6363-4B88-83B8-809DD6F0B555}"
EndProject
Global
	GlobalSection(SolutionConfigurationPlatforms) = preSolution
		Debug|Any CPU = Debug|Any CPU
		Release|Any CPU = Release|Any CPU
	EndGlobalSection
	GlobalSection(ProjectConfigurationPlatforms) = postSolution
		{73B90876-79AC-4BBA-8D80-95377DE37864}.Debug|Any CPU.ActiveCfg = Debug|Any CPU
		{73B90876-79AC-4BBA-8D80-95377DE37864}.Debug|Any CPU.Build.0 = Debug|Any CPU
		{73B90876-79AC-4BBA-8D80-95377DE37864}.Release|Any CPU.ActiveCfg = Release|Any CPU
		{73B90876-79AC-4BBA-8D80-95377DE37864}.Release|Any CPU.Build.0 = Release|Any CPU
		{DC82DB28-53D5-4B6B-A985-C603DD05167A}.Debug|Any CPU.ActiveCfg = Debug|Any CPU
		{DC82DB28-53D5-4B6B-A985-C603DD05167A}.Debug|Any CPU.Build.0 = Debug|Any CPU
		{DC82DB28-53D5-4B6B-A985-C603DD05167A}.Release|Any CPU.ActiveCfg = Release|Any CPU
		{DC82DB28-53D5-4B6B-A985-C603DD05167A}.Release|Any CPU.Build.0 = Release|Any CPU
		{9B3E2959-96E0-4109-9C5C-437023ECE77C}.Debug|Any CPU.ActiveCfg = Debug|Any CPU
		{9B3E2959-96E0-4109-9C5C-437023ECE77C}.Debug|Any CPU.Build.0 = Debug|Any CPU
		{9B3E2959-96E0-4109-9C5C-437023ECE77C}.Release|Any CPU.ActiveCfg = Release|Any CPU
		{9B3E2959-96E0-4109-9C5C-437023ECE77C}.Release|Any CPU.Build.0 = Release|Any CPU
		{FD26BDEA-6363-4B88-83B8-809DD6F0B555}.Debug|Any CPU.ActiveCfg = Debug|Any CPU
		{FD26BDEA-6363-4B88-83B8-809DD6F0B555}.Debug|Any CPU.Build.0 = Debug|Any CPU
		{FD26BDEA-6363-4B88-83B8-809DD6F0B555}.Release|Any CPU.ActiveCfg = Release|Any CPU
		{FD26BDEA-6363-4B88-83B8-809DD6F0B555}.Release|Any CPU.Build.0 = Release|Any CPU
	EndGlobalSection
	GlobalSection(SolutionProperties) = preSolution
		HideSolutionNode = FALSE
	EndGlobalSection
EndGlobal
